
Microsoft Visual Studio Solution File, Format Version 12.00
# Visual Studio Version 17
VisualStudioVersion = 17.3.32922.545
MinimumVisualStudioVersion = 10.0.40219.1
Project("{FAE04EC0-301F-11D3-BF4B-00C04F79EFBC}") = "DependencyInversionPrinciple", "DependencyInversionPrinciple\DependencyInversionPrinciple.csproj", "{F7FE0446-48C2-4FFE-A869-621CEF4232CE}"
EndProject
Global
	GlobalSection(SolutionConfigurationPlatforms) = preSolution
		Debug|Any CPU = Debug|Any CPU
		Release|Any CPU = Release|Any CPU
	EndGlobalSection
	GlobalSection(ProjectConfigurationPlatforms) = postSolution
		{F7FE0446-48C2-4FFE-A869-621CEF4232CE}.Debug|Any CPU.ActiveCfg = Debug|Any CPU
		{F7FE0446-48C2-4FFE-A869-621CEF4232CE}.Debug|Any CPU.Build.0 = Debug|Any CPU
		{F7FE0446-48C2-4FFE-A869-621CEF4232CE}.Release|Any CPU.ActiveCfg = Release|Any CPU
		{F7FE0446-48C2-4FFE-A869-621CEF4232CE}.Release|Any CPU.Build.0 = Release|Any CPU
	EndGlobalSection
	GlobalSection(SolutionProperties) = preSolution
		HideSolutionNode = FALSE
	EndGlobalSection
	GlobalSection(ExtensibilityGlobals) = postSolution
		SolutionGuid = {2D8E1DCC-1976-47BE-805E-5755BDF75B77}
	EndGlobalSection
EndGlobal
